
Microsoft Visual Studio Solution File, Format Version 12.00
# Visual Studio Version 16
VisualStudioVersion = 16.0.31129.286
MinimumVisualStudioVersion = 10.0.40219.1
Project("{F184B08F-C81C-45F6-A57F-5ABD9991F28F}") = "exe調査ツール_ver4", "exe調査ツール_ver4\exe調査ツール_ver4.vbproj", "{1F09C6A8-9CF4-4D27-AF96-F91688FE1658}"
EndProject
Global
	GlobalSection(SolutionConfigurationPlatforms) = preSolution
		Debug|Any CPU = Debug|Any CPU
		Release|Any CPU = Release|Any CPU
	EndGlobalSection
	GlobalSection(ProjectConfigurationPlatforms) = postSolution
		{1F09C6A8-9CF4-4D27-AF96-F91688FE1658}.Debug|Any CPU.ActiveCfg = Debug|Any CPU
		{1F09C6A8-9CF4-4D27-AF96-F91688FE1658}.Debug|Any CPU.Build.0 = Debug|Any CPU
		{1F09C6A8-9CF4-4D27-AF96-F91688FE1658}.Release|Any CPU.ActiveCfg = Release|Any CPU
		{1F09C6A8-9CF4-4D27-AF96-F91688FE1658}.Release|Any CPU.Build.0 = Release|Any CPU
	EndGlobalSection
	GlobalSection(SolutionProperties) = preSolution
		HideSolutionNode = FALSE
	EndGlobalSection
	GlobalSection(ExtensibilityGlobals) = postSolution
		SolutionGuid = {3E8FF324-C7A5-4AC1-B821-BDFB4397699F}
	EndGlobalSection
EndGlobal
